// !$*UTF8*$!
{
	archiveVersion = 1;
	classes = {
	};
	objectVersion = 50;
	objects = {

/* Begin PBXBuildFile section */
		677C3922266C8DE40064BB0F /* Story.swift in Sources */ = {isa = PBXBuildFile; fileRef = 677C3921266C8DE40064BB0F /* Story.swift */; };
		677C3925266C8F140064BB0F /* DemoData.swift in Sources */ = {isa = PBXBuildFile; fileRef = 677C3924266C8F140064BB0F /* DemoData.swift */; };
		677C3929266CCB4E0064BB0F /* Post.swift in Sources */ = {isa = PBXBuildFile; fileRef = 677C3928266CCB4D0064BB0F /* Post.swift */; };
		677C3941266CEA560064BB0F /* LikeAnimator.swift in Sources */ = {isa = PBXBuildFile; fileRef = 677C3940266CEA560064BB0F /* LikeAnimator.swift */; };
		67919EED266B31D500A8EF94 /* SceneDelegate.swift in Sources */ = {isa = PBXBuildFile; fileRef = 67919EEC266B31D500A8EF94 /* SceneDelegate.swift */; };
		67919EF4266B31D800A8EF94 /* Assets.xcassets in Resources */ = {isa = PBXBuildFile; fileRef = 67919EF3266B31D800A8EF94 /* Assets.xcassets */; };
		67919EF7266B31D800A8EF94 /* LaunchScreen.storyboard in Resources */ = {isa = PBXBuildFile; fileRef = 67919EF5266B31D800A8EF94 /* LaunchScreen.storyboard */; };
		67919F08266B3E0800A8EF94 /* TabBarViewController.swift in Sources */ = {isa = PBXBuildFile; fileRef = 67919F07266B3E0800A8EF94 /* TabBarViewController.swift */; };
		67919F0E266B418100A8EF94 /* AppDelegate.swift in Sources */ = {isa = PBXBuildFile; fileRef = 67919F0D266B418000A8EF94 /* AppDelegate.swift */; };
		67919F11266B425500A8EF94 /* HomeViewController.swift in Sources */ = {isa = PBXBuildFile; fileRef = 67919F10266B425500A8EF94 /* HomeViewController.swift */; };
		67919F14266B43CC00A8EF94 /* SearchViewController.swift in Sources */ = {isa = PBXBuildFile; fileRef = 67919F13266B43CC00A8EF94 /* SearchViewController.swift */; };
		67919F17266B441B00A8EF94 /* ReelsViewController.swift in Sources */ = {isa = PBXBuildFile; fileRef = 67919F16266B441B00A8EF94 /* ReelsViewController.swift */; };
		67919F1A266B444D00A8EF94 /* ActivityViewController.swift in Sources */ = {isa = PBXBuildFile; fileRef = 67919F19266B444D00A8EF94 /* ActivityViewController.swift */; };
		67919F1D266B445600A8EF94 /* ProfileViewController.swift in Sources */ = {isa = PBXBuildFile; fileRef = 67919F1C266B445600A8EF94 /* ProfileViewController.swift */; };
		67919F21266B67CF00A8EF94 /* StoriesTableViewCell.swift in Sources */ = {isa = PBXBuildFile; fileRef = 67919F20266B67CF00A8EF94 /* StoriesTableViewCell.swift */; };
		67919F4D266B696E00A8EF94 /* BorderView.swift in Sources */ = {isa = PBXBuildFile; fileRef = 67919F4C266B696E00A8EF94 /* BorderView.swift */; };
		67919F51266B78CA00A8EF94 /* StoriesCollectionViewCell.swift in Sources */ = {isa = PBXBuildFile; fileRef = 67919F50266B78CA00A8EF94 /* StoriesCollectionViewCell.swift */; };
		67919F54266B91F400A8EF94 /* PostTableViewCell.swift in Sources */ = {isa = PBXBuildFile; fileRef = 67919F53266B91F400A8EF94 /* PostTableViewCell.swift */; };
/* End PBXBuildFile section */

/* Begin PBXFileReference section */
		677C3921266C8DE40064BB0F /* Story.swift */ = {isa = PBXFileReference; lastKnownFileType = sourcecode.swift; path = Story.swift; sourceTree = "<group>"; };
		677C3924266C8F140064BB0F /* DemoData.swift */ = {isa = PBXFileReference; lastKnownFileType = sourcecode.swift; path = DemoData.swift; sourceTree = "<group>"; };
		677C3928266CCB4D0064BB0F /* Post.swift */ = {isa = PBXFileReference; lastKnownFileType = sourcecode.swift; path = Post.swift; sourceTree = "<group>"; };
		677C3940266CEA560064BB0F /* LikeAnimator.swift */ = {isa = PBXFileReference; lastKnownFileType = sourcecode.swift; path = LikeAnimator.swift; sourceTree = "<group>"; };
		67919EE7266B31D500A8EF94 /* InstagramKit.app */ = {isa = PBXFileReference; explicitFileType = wrapper.application; includeInIndex = 0; path = InstagramKit.app; sourceTree = BUILT_PRODUCTS_DIR; };
		67919EEC266B31D500A8EF94 /* SceneDelegate.swift */ = {isa = PBXFileReference; lastKnownFileType = sourcecode.swift; path = SceneDelegate.swift; sourceTree = "<group>"; };
		67919EF3266B31D800A8EF94 /* Assets.xcassets */ = {isa = PBXFileReference; lastKnownFileType = folder.assetcatalog; path = Assets.xcassets; sourceTree = "<group>"; };
		67919EF6266B31D800A8EF94 /* Base */ = {isa = PBXFileReference; lastKnownFileType = file.storyboard; name = Base; path = Base.lproj/LaunchScreen.storyboard; sourceTree = "<group>"; };
		67919EF8266B31D800A8EF94 /* Info.plist */ = {isa = PBXFileReference; lastKnownFileType = text.plist.xml; path = Info.plist; sourceTree = "<group>"; };
		67919F07266B3E0800A8EF94 /* TabBarViewController.swift */ = {isa = PBXFileReference; lastKnownFileType = sourcecode.swift; path = TabBarViewController.swift; sourceTree = "<group>"; };
		67919F0D266B418000A8EF94 /* AppDelegate.swift */ = {isa = PBXFileReference; fileEncoding = 4; lastKnownFileType = sourcecode.swift; path = AppDelegate.swift; sourceTree = "<group>"; };
		67919F10266B425500A8EF94 /* HomeViewController.swift */ = {isa = PBXFileReference; lastKnownFileType = sourcecode.swift; path = HomeViewController.swift; sourceTree = "<group>"; };
		67919F13266B43CC00A8EF94 /* SearchViewController.swift */ = {isa = PBXFileReference; lastKnownFileType = sourcecode.swift; path = SearchViewController.swift; sourceTree = "<group>"; };
		67919F16266B441B00A8EF94 /* ReelsViewController.swift */ = {isa = PBXFileReference; lastKnownFileType = sourcecode.swift; path = ReelsViewController.swift; sourceTree = "<group>"; };
		67919F19266B444D00A8EF94 /* ActivityViewController.swift */ = {isa = PBXFileReference; lastKnownFileType = sourcecode.swift; path = ActivityViewController.swift; sourceTree = "<group>"; };
		67919F1C266B445600A8EF94 /* ProfileViewController.swift */ = {isa = PBXFileReference; lastKnownFileType = sourcecode.swift; path = ProfileViewController.swift; sourceTree = "<group>"; };
		67919F20266B67CF00A8EF94 /* StoriesTableViewCell.swift */ = {isa = PBXFileReference; lastKnownFileType = sourcecode.swift; path = StoriesTableViewCell.swift; sourceTree = "<group>"; };
		67919F4C266B696E00A8EF94 /* BorderView.swift */ = {isa = PBXFileReference; lastKnownFileType = sourcecode.swift; path = BorderView.swift; sourceTree = "<group>"; };
		67919F50266B78CA00A8EF94 /* StoriesCollectionViewCell.swift */ = {isa = PBXFileReference; lastKnownFileType = sourcecode.swift; path = StoriesCollectionViewCell.swift; sourceTree = "<group>"; };
		67919F53266B91F400A8EF94 /* PostTableViewCell.swift */ = {isa = PBXFileReference; lastKnownFileType = sourcecode.swift; path = PostTableViewCell.swift; sourceTree = "<group>"; };
/* End PBXFileReference section */

/* Begin PBXFrameworksBuildPhase section */
		67919EE4266B31D500A8EF94 /* Frameworks */ = {
			isa = PBXFrameworksBuildPhase;
			buildActionMask = 2147483647;
			files = (
			);
			runOnlyForDeploymentPostprocessing = 0;
		};
/* End PBXFrameworksBuildPhase section */

/* Begin PBXGroup section */
		677C3920266C8DCC0064BB0F /* Models */ = {
			isa = PBXGroup;
			children = (
				677C3921266C8DE40064BB0F /* Story.swift */,
				677C3928266CCB4D0064BB0F /* Post.swift */,
			);
			path = Models;
			sourceTree = "<group>";
		};
		67919EDE266B31D500A8EF94 = {
			isa = PBXGroup;
			children = (
				67919EE9266B31D500A8EF94 /* InstagramKit */,
				67919EE8266B31D500A8EF94 /* Products */,
			);
			sourceTree = "<group>";
		};
		67919EE8266B31D500A8EF94 /* Products */ = {
			isa = PBXGroup;
			children = (
				67919EE7266B31D500A8EF94 /* InstagramKit.app */,
			);
			name = Products;
			sourceTree = "<group>";
		};
		67919EE9266B31D500A8EF94 /* InstagramKit */ = {
			isa = PBXGroup;
			children = (
				67919F4B266B695100A8EF94 /* Utililties */,
				677C3920266C8DCC0064BB0F /* Models */,
				67919F1F266B62ED00A8EF94 /* Views */,
				67919F06266B3DF700A8EF94 /* ViewControllers */,
				67919F00266B3CC300A8EF94 /* SupportingFiles */,
				67919EF8266B31D800A8EF94 /* Info.plist */,
			);
			path = InstagramKit;
			sourceTree = "<group>";
		};
		67919F00266B3CC300A8EF94 /* SupportingFiles */ = {
			isa = PBXGroup;
			children = (
				67919F0D266B418000A8EF94 /* AppDelegate.swift */,
				67919EEC266B31D500A8EF94 /* SceneDelegate.swift */,
				67919EF5266B31D800A8EF94 /* LaunchScreen.storyboard */,
				67919EF3266B31D800A8EF94 /* Assets.xcassets */,
			);
			path = SupportingFiles;
			sourceTree = "<group>";
		};
		67919F06266B3DF700A8EF94 /* ViewControllers */ = {
			isa = PBXGroup;
			children = (
				67919F07266B3E0800A8EF94 /* TabBarViewController.swift */,
				67919F10266B425500A8EF94 /* HomeViewController.swift */,
				67919F13266B43CC00A8EF94 /* SearchViewController.swift */,
				67919F16266B441B00A8EF94 /* ReelsViewController.swift */,
				67919F19266B444D00A8EF94 /* ActivityViewController.swift */,
				67919F1C266B445600A8EF94 /* ProfileViewController.swift */,
			);
			path = ViewControllers;
			sourceTree = "<group>";
		};
		67919F1F266B62ED00A8EF94 /* Views */ = {
			isa = PBXGroup;
			children = (
				67919F24266B67E200A8EF94 /* Cells */,
			);
			path = Views;
			sourceTree = "<group>";
		};
		67919F24266B67E200A8EF94 /* Cells */ = {
			isa = PBXGroup;
			children = (
				67919F20266B67CF00A8EF94 /* StoriesTableViewCell.swift */,
				67919F50266B78CA00A8EF94 /* StoriesCollectionViewCell.swift */,
				67919F53266B91F400A8EF94 /* PostTableViewCell.swift */,
			);
			path = Cells;
			sourceTree = "<group>";
		};
		67919F4B266B695100A8EF94 /* Utililties */ = {
			isa = PBXGroup;
			children = (
				67919F4C266B696E00A8EF94 /* BorderView.swift */,
				677C3924266C8F140064BB0F /* DemoData.swift */,
				677C3940266CEA560064BB0F /* LikeAnimator.swift */,
			);
			path = Utililties;
			sourceTree = "<group>";
		};
/* End PBXGroup section */

/* Begin PBXNativeTarget section */
		67919EE6266B31D500A8EF94 /* InstagramKit */ = {
			isa = PBXNativeTarget;
			buildConfigurationList = 67919EFB266B31D900A8EF94 /* Build configuration list for PBXNativeTarget "InstagramKit" */;
			buildPhases = (
				67919EE3266B31D500A8EF94 /* Sources */,
				67919EE4266B31D500A8EF94 /* Frameworks */,
				67919EE5266B31D500A8EF94 /* Resources */,
			);
			buildRules = (
			);
			dependencies = (
			);
			name = InstagramKit;
			productName = InstagramKit;
			productReference = 67919EE7266B31D500A8EF94 /* InstagramKit.app */;
			productType = "com.apple.product-type.application";
		};
/* End PBXNativeTarget section */

/* Begin PBXProject section */
		67919EDF266B31D500A8EF94 /* Project object */ = {
			isa = PBXProject;
			attributes = {
				LastSwiftUpdateCheck = 1240;
				LastUpgradeCheck = 1240;
				TargetAttributes = {
					67919EE6266B31D500A8EF94 = {
						CreatedOnToolsVersion = 12.4;
					};
				};
			};
			buildConfigurationList = 67919EE2266B31D500A8EF94 /* Build configuration list for PBXProject "InstagramKit" */;
			compatibilityVersion = "Xcode 9.3";
			developmentRegion = en;
			hasScannedForEncodings = 0;
			knownRegions = (
				en,
				Base,
			);
			mainGroup = 67919EDE266B31D500A8EF94;
			productRefGroup = 67919EE8266B31D500A8EF94 /* Products */;
			projectDirPath = "";
			projectRoot = "";
			targets = (
				67919EE6266B31D500A8EF94 /* InstagramKit */,
			);
		};
/* End PBXProject section */

/* Begin PBXResourcesBuildPhase section */
		67919EE5266B31D500A8EF94 /* Resources */ = {
			isa = PBXResourcesBuildPhase;
			buildActionMask = 2147483647;
			files = (
				67919EF7266B31D800A8EF94 /* LaunchScreen.storyboard in Resources */,
				67919EF4266B31D800A8EF94 /* Assets.xcassets in Resources */,
			);
			runOnlyForDeploymentPostprocessing = 0;
		};
/* End PBXResourcesBuildPhase section */

/* Begin PBXSourcesBuildPhase section */
		67919EE3266B31D500A8EF94 /* Sources */ = {
			isa = PBXSourcesBuildPhase;
			buildActionMask = 2147483647;
			files = (
				67919F14266B43CC00A8EF94 /* SearchViewController.swift in Sources */,
				67919F0E266B418100A8EF94 /* AppDelegate.swift in Sources */,
				677C3925266C8F140064BB0F /* DemoData.swift in Sources */,
				67919F21266B67CF00A8EF94 /* StoriesTableViewCell.swift in Sources */,
				67919F08266B3E0800A8EF94 /* TabBarViewController.swift in Sources */,
				67919F4D266B696E00A8EF94 /* BorderView.swift in Sources */,
				67919EED266B31D500A8EF94 /* SceneDelegate.swift in Sources */,
				67919F51266B78CA00A8EF94 /* StoriesCollectionViewCell.swift in Sources */,
				67919F1A266B444D00A8EF94 /* ActivityViewController.swift in Sources */,
				677C3929266CCB4E0064BB0F /* Post.swift in Sources */,
				677C3922266C8DE40064BB0F /* Story.swift in Sources */,
				67919F17266B441B00A8EF94 /* ReelsViewController.swift in Sources */,
				67919F1D266B445600A8EF94 /* ProfileViewController.swift in Sources */,
				677C3941266CEA560064BB0F /* LikeAnimator.swift in Sources */,
				67919F11266B425500A8EF94 /* HomeViewController.swift in Sources */,
				67919F54266B91F400A8EF94 /* PostTableViewCell.swift in Sources */,
			);
			runOnlyForDeploymentPostprocessing = 0;
		};
/* End PBXSourcesBuildPhase section */

/* Begin PBXVariantGroup section */
		67919EF5266B31D800A8EF94 /* LaunchScreen.storyboard */ = {
			isa = PBXVariantGroup;
			children = (
				67919EF6266B31D800A8EF94 /* Base */,
			);
			name = LaunchScreen.storyboard;
			sourceTree = "<group>";
		};
/* End PBXVariantGroup section */

/* Begin XCBuildConfiguration section */
		67919EF9266B31D800A8EF94 /* Debug */ = {
			isa = XCBuildConfiguration;
			buildSettings = {
				ALWAYS_SEARCH_USER_PATHS = NO;
				CLANG_ANALYZER_NONNULL = YES;
				CLANG_ANALYZER_NUMBER_OBJECT_CONVERSION = YES_AGGRESSIVE;
				CLANG_CXX_LANGUAGE_STANDARD = "gnu++14";
				CLANG_CXX_LIBRARY = "libc++";
				CLANG_ENABLE_MODULES = YES;
				CLANG_ENABLE_OBJC_ARC = YES;
				CLANG_ENABLE_OBJC_WEAK = YES;
				CLANG_WARN_BLOCK_CAPTURE_AUTORELEASING = YES;
				CLANG_WARN_BOOL_CONVERSION = YES;
				CLANG_WARN_COMMA = YES;
				CLANG_WARN_CONSTANT_CONVERSION = YES;
				CLANG_WARN_DEPRECATED_OBJC_IMPLEMENTATIONS = YES;
				CLANG_WARN_DIRECT_OBJC_ISA_USAGE = YES_ERROR;
				CLANG_WARN_DOCUMENTATION_COMMENTS = YES;
				CLANG_WARN_EMPTY_BODY = YES;
				CLANG_WARN_ENUM_CONVERSION = YES;
				CLANG_WARN_INFINITE_RECURSION = YES;
				CLANG_WARN_INT_CONVERSION = YES;
				CLANG_WARN_NON_LITERAL_NULL_CONVERSION = YES;
				CLANG_WARN_OBJC_IMPLICIT_RETAIN_SELF = YES;
				CLANG_WARN_OBJC_LITERAL_CONVERSION = YES;
				CLANG_WARN_OBJC_ROOT_CLASS = YES_ERROR;
				CLANG_WARN_QUOTED_INCLUDE_IN_FRAMEWORK_HEADER = YES;
				CLANG_WARN_RANGE_LOOP_ANALYSIS = YES;
				CLANG_WARN_STRICT_PROTOTYPES = YES;
				CLANG_WARN_SUSPICIOUS_MOVE = YES;
				CLANG_WARN_UNGUARDED_AVAILABILITY = YES_AGGRESSIVE;
				CLANG_WARN_UNREACHABLE_CODE = YES;
				CLANG_WARN__DUPLICATE_METHOD_MATCH = YES;
				COPY_PHASE_STRIP = NO;
				DEBUG_INFORMATION_FORMAT = dwarf;
				ENABLE_STRICT_OBJC_MSGSEND = YES;
				ENABLE_TESTABILITY = YES;
				GCC_C_LANGUAGE_STANDARD = gnu11;
				GCC_DYNAMIC_NO_PIC = NO;
				GCC_NO_COMMON_BLOCKS = YES;
				GCC_OPTIMIZATION_LEVEL = 0;
				GCC_PREPROCESSOR_DEFINITIONS = (
					"DEBUG=1",
					"$(inherited)",
				);
				GCC_WARN_64_TO_32_BIT_CONVERSION = YES;
				GCC_WARN_ABOUT_RETURN_TYPE = YES_ERROR;
				GCC_WARN_UNDECLARED_SELECTOR = YES;
				GCC_WARN_UNINITIALIZED_AUTOS = YES_AGGRESSIVE;
				GCC_WARN_UNUSED_FUNCTION = YES;
				GCC_WARN_UNUSED_VARIABLE = YES;
				IPHONEOS_DEPLOYMENT_TARGET = 14.4;
				MTL_ENABLE_DEBUG_INFO = INCLUDE_SOURCE;
				MTL_FAST_MATH = YES;
				ONLY_ACTIVE_ARCH = YES;
				SDKROOT = iphoneos;
				SWIFT_ACTIVE_COMPILATION_CONDITIONS = DEBUG;
				SWIFT_OPTIMIZATION_LEVEL = "-Onone";
			};
			name = Debug;
		};
		67919EFA266B31D900A8EF94 /* Release */ = {
			isa = XCBuildConfiguration;
			buildSettings = {
				ALWAYS_SEARCH_USER_PATHS = NO;
				CLANG_ANALYZER_NONNULL = YES;
				CLANG_ANALYZER_NUMBER_OBJECT_CONVERSION = YES_AGGRESSIVE;
				CLANG_CXX_LANGUAGE_STANDARD = "gnu++14";
				CLANG_CXX_LIBRARY = "libc++";
				CLANG_ENABLE_MODULES = YES;
				CLANG_ENABLE_OBJC_ARC = YES;
				CLANG_ENABLE_OBJC_WEAK = YES;
				CLANG_WARN_BLOCK_CAPTURE_AUTORELEASING = YES;
				CLANG_WARN_BOOL_CONVERSION = YES;
				CLANG_WARN_COMMA = YES;
				CLANG_WARN_CONSTANT_CONVERSION = YES;
				CLANG_WARN_DEPRECATED_OBJC_IMPLEMENTATIONS = YES;
				CLANG_WARN_DIRECT_OBJC_ISA_USAGE = YES_ERROR;
				CLANG_WARN_DOCUMENTATION_COMMENTS = YES;
				CLANG_WARN_EMPTY_BODY = YES;
				CLANG_WARN_ENUM_CONVERSION = YES;
				CLANG_WARN_INFINITE_RECURSION = YES;
				CLANG_WARN_INT_CONVERSION = YES;
				CLANG_WARN_NON_LITERAL_NULL_CONVERSION = YES;
				CLANG_WARN_OBJC_IMPLICIT_RETAIN_SELF = YES;
				CLANG_WARN_OBJC_LITERAL_CONVERSION = YES;
				CLANG_WARN_OBJC_ROOT_CLASS = YES_ERROR;
				CLANG_WARN_QUOTED_INCLUDE_IN_FRAMEWORK_HEADER = YES;
				CLANG_WARN_RANGE_LOOP_ANALYSIS = YES;
				CLANG_WARN_STRICT_PROTOTYPES = YES;
				CLANG_WARN_SUSPICIOUS_MOVE = YES;
				CLANG_WARN_UNGUARDED_AVAILABILITY = YES_AGGRESSIVE;
				CLANG_WARN_UNREACHABLE_CODE = YES;
				CLANG_WARN__DUPLICATE_METHOD_MATCH = YES;
				COPY_PHASE_STRIP = NO;
				DEBUG_INFORMATION_FORMAT = "dwarf-with-dsym";
				ENABLE_NS_ASSERTIONS = NO;
				ENABLE_STRICT_OBJC_MSGSEND = YES;
				GCC_C_LANGUAGE_STANDARD = gnu11;
				GCC_NO_COMMON_BLOCKS = YES;
				GCC_WARN_64_TO_32_BIT_CONVERSION = YES;
				GCC_WARN_ABOUT_RETURN_TYPE = YES_ERROR;
				GCC_WARN_UNDECLARED_SELECTOR = YES;
				GCC_WARN_UNINITIALIZED_AUTOS = YES_AGGRESSIVE;
				GCC_WARN_UNUSED_FUNCTION = YES;
				GCC_WARN_UNUSED_VARIABLE = YES;
				IPHONEOS_DEPLOYMENT_TARGET = 14.4;
				MTL_ENABLE_DEBUG_INFO = NO;
				MTL_FAST_MATH = YES;
				SDKROOT = iphoneos;
				SWIFT_COMPILATION_MODE = wholemodule;
				SWIFT_OPTIMIZATION_LEVEL = "-O";
				VALIDATE_PRODUCT = YES;
			};
			name = Release;
		};
		67919EFC266B31D900A8EF94 /* Debug */ = {
			isa = XCBuildConfiguration;
			buildSettings = {
				ASSETCATALOG_COMPILER_APPICON_NAME = AppIcon;
				ASSETCATALOG_COMPILER_GLOBAL_ACCENT_COLOR_NAME = AccentColor;
				CODE_SIGN_STYLE = Automatic;
				INFOPLIST_FILE = InstagramKit/Info.plist;
				LD_RUNPATH_SEARCH_PATHS = (
					"$(inherited)",
					"@executable_path/Frameworks",
				);
				PRODUCT_BUNDLE_IDENTIFIER = com.appernaut.InstagramKit;
				PRODUCT_NAME = "$(TARGET_NAME)";
				SWIFT_VERSION = 5.0;
				TARGETED_DEVICE_FAMILY = "1,2";
			};
			name = Debug;
		};
		67919EFD266B31D900A8EF94 /* Release */ = {
			isa = XCBuildConfiguration;
			buildSettings = {
				ASSETCATALOG_COMPILER_APPICON_NAME = AppIcon;
				ASSETCATALOG_COMPILER_GLOBAL_ACCENT_COLOR_NAME = AccentColor;
				CODE_SIGN_STYLE = Automatic;
				INFOPLIST_FILE = InstagramKit/Info.plist;
				LD_RUNPATH_SEARCH_PATHS = (
					"$(inherited)",
					"@executable_path/Frameworks",
				);
				PRODUCT_BUNDLE_IDENTIFIER = com.appernaut.InstagramKit;
				PRODUCT_NAME = "$(TARGET_NAME)";
				SWIFT_VERSION = 5.0;
				TARGETED_DEVICE_FAMILY = "1,2";
			};
			name = Release;
		};
/* End XCBuildConfiguration section */

/* Begin XCConfigurationList section */
		67919EE2266B31D500A8EF94 /* Build configuration list for PBXProject "InstagramKit" */ = {
			isa = XCConfigurationList;
			buildConfigurations = (
				67919EF9266B31D800A8EF94 /* Debug */,
				67919EFA266B31D900A8EF94 /* Release */,
			);
			defaultConfigurationIsVisible = 0;
			defaultConfigurationName = Release;
		};
		67919EFB266B31D900A8EF94 /* Build configuration list for PBXNativeTarget "InstagramKit" */ = {
			isa = XCConfigurationList;
			buildConfigurations = (
				67919EFC266B31D900A8EF94 /* Debug */,
				67919EFD266B31D900A8EF94 /* Release */,
			);
			defaultConfigurationIsVisible = 0;
			defaultConfigurationName = Release;
		};
/* End XCConfigurationList section */
	};
	rootObject = 67919EDF266B31D500A8EF94 /* Project object */;
}
